// !$*UTF8*$!
{
	archiveVersion = 1;
	classes = {
	};
	objectVersion = 77;
	objects = {

/* Begin PBXBuildFile section */
		DA4DCE1E2F0722F300721B11 /* BackgroundTasks.framework in Frameworks */ = {isa = PBXBuildFile; fileRef = DA4DCE1A2F06FBED00721B11 /* BackgroundTasks.framework */; };
		DA7930992F1E05A100CE1CFB /* WidgetKit.framework in Frameworks */ = {isa = PBXBuildFile; fileRef = DA7930982F1E05A100CE1CFB /* WidgetKit.framework */; };
		DA79309B2F1E05A100CE1CFB /* SwiftUI.framework in Frameworks */ = {isa = PBXBuildFile; fileRef = DA79309A2F1E05A100CE1CFB /* SwiftUI.framework */; };
		DA7930AC2F1E05A300CE1CFB /* widgetExtension.appex in Embed Foundation Extensions */ = {isa = PBXBuildFile; fileRef = DA7930972F1E05A100CE1CFB /* widgetExtension.appex */; settings = {ATTRIBUTES = (RemoveHeadersOnCopy, ); }; };
		DA7930B32F1E103D00CE1CFB /* GroupActivities.framework in Frameworks */ = {isa = PBXBuildFile; fileRef = DA7930B22F1E103D00CE1CFB /* GroupActivities.framework */; };
		DA7930B42F1E105200CE1CFB /* GroupActivities.framework in Frameworks */ = {isa = PBXBuildFile; fileRef = DA7930B22F1E103D00CE1CFB /* GroupActivities.framework */; };
/* End PBXBuildFile section */

/* Begin PBXContainerItemProxy section */
		DA7930AA2F1E05A300CE1CFB /* PBXContainerItemProxy */ = {
			isa = PBXContainerItemProxy;
			containerPortal = DAC714D22F03FCB200B08888 /* Project object */;
			proxyType = 1;
			remoteGlobalIDString = DA7930962F1E05A100CE1CFB;
			remoteInfo = widgetExtension;
		};
		DAC714E82F03FCB400B08888 /* PBXContainerItemProxy */ = {
			isa = PBXContainerItemProxy;
			containerPortal = DAC714D22F03FCB200B08888 /* Project object */;
			proxyType = 1;
			remoteGlobalIDString = DAC714D92F03FCB200B08888;
			remoteInfo = Wavify;
		};
		DAC714F22F03FCB400B08888 /* PBXContainerItemProxy */ = {
			isa = PBXContainerItemProxy;
			containerPortal = DAC714D22F03FCB200B08888 /* Project object */;
			proxyType = 1;
			remoteGlobalIDString = DAC714D92F03FCB200B08888;
			remoteInfo = Wavify;
		};
/* End PBXContainerItemProxy section */

/* Begin PBXCopyFilesBuildPhase section */
		DA7930B12F1E05A300CE1CFB /* Embed Foundation Extensions */ = {
			isa = PBXCopyFilesBuildPhase;
			buildActionMask = 2147483647;
			dstPath = "";
			dstSubfolderSpec = 13;
			files = (
				DA7930AC2F1E05A300CE1CFB /* widgetExtension.appex in Embed Foundation Extensions */,
			);
			name = "Embed Foundation Extensions";
			runOnlyForDeploymentPostprocessing = 0;
		};
/* End PBXCopyFilesBuildPhase section */

/* Begin PBXFileReference section */
		DA038AC32F1FEB0C004EE11B /* widgetExtensionDebug.entitlements */ = {isa = PBXFileReference; lastKnownFileType = text.plist.entitlements; path = widgetExtensionDebug.entitlements; sourceTree = "<group>"; };
		DA4DCE1A2F06FBED00721B11 /* BackgroundTasks.framework */ = {isa = PBXFileReference; lastKnownFileType = wrapper.framework; name = BackgroundTasks.framework; path = System/Library/Frameworks/BackgroundTasks.framework; sourceTree = SDKROOT; };
		DA7930972F1E05A100CE1CFB /* widgetExtension.appex */ = {isa = PBXFileReference; explicitFileType = "wrapper.app-extension"; includeInIndex = 0; path = widgetExtension.appex; sourceTree = BUILT_PRODUCTS_DIR; };
		DA7930982F1E05A100CE1CFB /* WidgetKit.framework */ = {isa = PBXFileReference; lastKnownFileType = wrapper.framework; name = WidgetKit.framework; path = System/Library/Frameworks/WidgetKit.framework; sourceTree = SDKROOT; };
		DA79309A2F1E05A100CE1CFB /* SwiftUI.framework */ = {isa = PBXFileReference; lastKnownFileType = wrapper.framework; name = SwiftUI.framework; path = System/Library/Frameworks/SwiftUI.framework; sourceTree = SDKROOT; };
		DA7930B22F1E103D00CE1CFB /* GroupActivities.framework */ = {isa = PBXFileReference; lastKnownFileType = wrapper.framework; name = GroupActivities.framework; path = System/Library/Frameworks/GroupActivities.framework; sourceTree = SDKROOT; };
		DAC714DA2F03FCB200B08888 /* Wavify.app */ = {isa = PBXFileReference; explicitFileType = wrapper.application; includeInIndex = 0; path = Wavify.app; sourceTree = BUILT_PRODUCTS_DIR; };
		DAC714E72F03FCB400B08888 /* WavifyTests.xctest */ = {isa = PBXFileReference; explicitFileType = wrapper.cfbundle; includeInIndex = 0; path = WavifyTests.xctest; sourceTree = BUILT_PRODUCTS_DIR; };
		DAC714F12F03FCB400B08888 /* WavifyUITests.xctest */ = {isa = PBXFileReference; explicitFileType = wrapper.cfbundle; includeInIndex = 0; path = WavifyUITests.xctest; sourceTree = BUILT_PRODUCTS_DIR; };
/* End PBXFileReference section */

/* Begin PBXFileSystemSynchronizedBuildFileExceptionSet section */
		DA4DCE222F07230700721B11 /* Exceptions for "Wavify" folder in "Wavify" target */ = {
			isa = PBXFileSystemSynchronizedBuildFileExceptionSet;
			membershipExceptions = (
				Info.plist,
			);
			target = DAC714D92F03FCB200B08888 /* Wavify */;
		};
		DA7930B02F1E05A300CE1CFB /* Exceptions for "widget" folder in "widgetExtension" target */ = {
			isa = PBXFileSystemSynchronizedBuildFileExceptionSet;
			membershipExceptions = (
				Info.plist,
			);
			target = DA7930962F1E05A100CE1CFB /* widgetExtension */;
		};
/* End PBXFileSystemSynchronizedBuildFileExceptionSet section */

/* Begin PBXFileSystemSynchronizedRootGroup section */
		DA79309C2F1E05A100CE1CFB /* widget */ = {
			isa = PBXFileSystemSynchronizedRootGroup;
			exceptions = (
				DA7930B02F1E05A300CE1CFB /* Exceptions for "widget" folder in "widgetExtension" target */,
			);
			path = widget;
			sourceTree = "<group>";
		};
		DAC714DC2F03FCB200B08888 /* Wavify */ = {
			isa = PBXFileSystemSynchronizedRootGroup;
			exceptions = (
				DA4DCE222F07230700721B11 /* Exceptions for "Wavify" folder in "Wavify" target */,
			);
			path = Wavify;
			sourceTree = "<group>";
		};
		DAC714EA2F03FCB400B08888 /* WavifyTests */ = {
			isa = PBXFileSystemSynchronizedRootGroup;
			path = WavifyTests;
			sourceTree = "<group>";
		};
		DAC714F42F03FCB400B08888 /* WavifyUITests */ = {
			isa = PBXFileSystemSynchronizedRootGroup;
			path = WavifyUITests;
			sourceTree = "<group>";
		};
/* End PBXFileSystemSynchronizedRootGroup section */

/* Begin PBXFrameworksBuildPhase section */
		DA7930942F1E05A100CE1CFB /* Frameworks */ = {
			isa = PBXFrameworksBuildPhase;
			buildActionMask = 2147483647;
			files = (
				DA79309B2F1E05A100CE1CFB /* SwiftUI.framework in Frameworks */,
				DA7930992F1E05A100CE1CFB /* WidgetKit.framework in Frameworks */,
				DA7930B32F1E103D00CE1CFB /* GroupActivities.framework in Frameworks */,
			);
			runOnlyForDeploymentPostprocessing = 0;
		};
		DAC714D72F03FCB200B08888 /* Frameworks */ = {
			isa = PBXFrameworksBuildPhase;
			buildActionMask = 2147483647;
			files = (
				DA4DCE1E2F0722F300721B11 /* BackgroundTasks.framework in Frameworks */,
				DA7930B42F1E105200CE1CFB /* GroupActivities.framework in Frameworks */,
			);
			runOnlyForDeploymentPostprocessing = 0;
		};
		DAC714E42F03FCB400B08888 /* Frameworks */ = {
			isa = PBXFrameworksBuildPhase;
			buildActionMask = 2147483647;
			files = (
			);
			runOnlyForDeploymentPostprocessing = 0;
		};
		DAC714EE2F03FCB400B08888 /* Frameworks */ = {
			isa = PBXFrameworksBuildPhase;
			buildActionMask = 2147483647;
			files = (
			);
			runOnlyForDeploymentPostprocessing = 0;
		};
/* End PBXFrameworksBuildPhase section */

/* Begin PBXGroup section */
		DA4DCE192F06FBED00721B11 /* Frameworks */ = {
			isa = PBXGroup;
			children = (
				DA7930B22F1E103D00CE1CFB /* GroupActivities.framework */,
				DA4DCE1A2F06FBED00721B11 /* BackgroundTasks.framework */,
				DA7930982F1E05A100CE1CFB /* WidgetKit.framework */,
				DA79309A2F1E05A100CE1CFB /* SwiftUI.framework */,
			);
			name = Frameworks;
			sourceTree = "<group>";
		};
		DAC714D12F03FCB200B08888 = {
			isa = PBXGroup;
			children = (
				DA038AC32F1FEB0C004EE11B /* widgetExtensionDebug.entitlements */,
				DAC714DC2F03FCB200B08888 /* Wavify */,
				DAC714EA2F03FCB400B08888 /* WavifyTests */,
				DAC714F42F03FCB400B08888 /* WavifyUITests */,
				DA79309C2F1E05A100CE1CFB /* widget */,
				DA4DCE192F06FBED00721B11 /* Frameworks */,
				DAC714DB2F03FCB200B08888 /* Products */,
			);
			sourceTree = "<group>";
		};
		DAC714DB2F03FCB200B08888 /* Products */ = {
			isa = PBXGroup;
			children = (
				DAC714DA2F03FCB200B08888 /* Wavify.app */,
				DAC714E72F03FCB400B08888 /* WavifyTests.xctest */,
				DAC714F12F03FCB400B08888 /* WavifyUITests.xctest */,
				DA7930972F1E05A100CE1CFB /* widgetExtension.appex */,
			);
			name = Products;
			sourceTree = "<group>";
		};
/* End PBXGroup section */

/* Begin PBXNativeTarget section */
		DA7930962F1E05A100CE1CFB /* widgetExtension */ = {
			isa = PBXNativeTarget;
			buildConfigurationList = DA7930AD2F1E05A300CE1CFB /* Build configuration list for PBXNativeTarget "widgetExtension" */;
			buildPhases = (
				DA7930932F1E05A100CE1CFB /* Sources */,
				DA7930942F1E05A100CE1CFB /* Frameworks */,
				DA7930952F1E05A100CE1CFB /* Resources */,
			);
			buildRules = (
			);
			dependencies = (
			);
			fileSystemSynchronizedGroups = (
				DA79309C2F1E05A100CE1CFB /* widget */,
			);
			name = widgetExtension;
			packageProductDependencies = (
			);
			productName = widgetExtension;
			productReference = DA7930972F1E05A100CE1CFB /* widgetExtension.appex */;
			productType = "com.apple.product-type.app-extension";
		};
		DAC714D92F03FCB200B08888 /* Wavify */ = {
			isa = PBXNativeTarget;
			buildConfigurationList = DAC714FB2F03FCB400B08888 /* Build configuration list for PBXNativeTarget "Wavify" */;
			buildPhases = (
				DAC714D62F03FCB200B08888 /* Sources */,
				DAC714D72F03FCB200B08888 /* Frameworks */,
				DAC714D82F03FCB200B08888 /* Resources */,
				DA7930B12F1E05A300CE1CFB /* Embed Foundation Extensions */,
			);
			buildRules = (
			);
			dependencies = (
				DA7930AB2F1E05A300CE1CFB /* PBXTargetDependency */,
			);
			fileSystemSynchronizedGroups = (
				DAC714DC2F03FCB200B08888 /* Wavify */,
			);
			name = Wavify;
			packageProductDependencies = (
			);
			productName = Wavify;
			productReference = DAC714DA2F03FCB200B08888 /* Wavify.app */;
			productType = "com.apple.product-type.application";
		};
		DAC714E62F03FCB400B08888 /* WavifyTests */ = {
			isa = PBXNativeTarget;
			buildConfigurationList = DAC714FE2F03FCB400B08888 /* Build configuration list for PBXNativeTarget "WavifyTests" */;
			buildPhases = (
				DAC714E32F03FCB400B08888 /* Sources */,
				DAC714E42F03FCB400B08888 /* Frameworks */,
				DAC714E52F03FCB400B08888 /* Resources */,
			);
			buildRules = (
			);
			dependencies = (
				DAC714E92F03FCB400B08888 /* PBXTargetDependency */,
			);
			fileSystemSynchronizedGroups = (
				DAC714EA2F03FCB400B08888 /* WavifyTests */,
			);
			name = WavifyTests;
			packageProductDependencies = (
			);
			productName = WavifyTests;
			productReference = DAC714E72F03FCB400B08888 /* WavifyTests.xctest */;
			productType = "com.apple.product-type.bundle.unit-test";
		};
		DAC714F02F03FCB400B08888 /* WavifyUITests */ = {
			isa = PBXNativeTarget;
			buildConfigurationList = DAC715012F03FCB400B08888 /* Build configuration list for PBXNativeTarget "WavifyUITests" */;
			buildPhases = (
				DAC714ED2F03FCB400B08888 /* Sources */,
				DAC714EE2F03FCB400B08888 /* Frameworks */,
				DAC714EF2F03FCB400B08888 /* Resources */,
			);
			buildRules = (
			);
			dependencies = (
				DAC714F32F03FCB400B08888 /* PBXTargetDependency */,
			);
			fileSystemSynchronizedGroups = (
				DAC714F42F03FCB400B08888 /* WavifyUITests */,
			);
			name = WavifyUITests;
			packageProductDependencies = (
			);
			productName = WavifyUITests;
			productReference = DAC714F12F03FCB400B08888 /* WavifyUITests.xctest */;
			productType = "com.apple.product-type.bundle.ui-testing";
		};
/* End PBXNativeTarget section */

/* Begin PBXProject section */
		DAC714D22F03FCB200B08888 /* Project object */ = {
			isa = PBXProject;
			attributes = {
				BuildIndependentTargetsInParallel = 1;
				LastSwiftUpdateCheck = 2610;
				LastUpgradeCheck = 2610;
				TargetAttributes = {
					DA7930962F1E05A100CE1CFB = {
						CreatedOnToolsVersion = 26.1.1;
					};
					DAC714D92F03FCB200B08888 = {
						CreatedOnToolsVersion = 26.1.1;
					};
					DAC714E62F03FCB400B08888 = {
						CreatedOnToolsVersion = 26.1.1;
						TestTargetID = DAC714D92F03FCB200B08888;
					};
					DAC714F02F03FCB400B08888 = {
						CreatedOnToolsVersion = 26.1.1;
						TestTargetID = DAC714D92F03FCB200B08888;
					};
				};
			};
			buildConfigurationList = DAC714D52F03FCB200B08888 /* Build configuration list for PBXProject "Wavify" */;
			developmentRegion = en;
			hasScannedForEncodings = 0;
			knownRegions = (
				en,
				Base,
			);
			mainGroup = DAC714D12F03FCB200B08888;
			minimizedProjectReferenceProxies = 1;
			packageReferences = (
			);
			preferredProjectObjectVersion = 77;
			productRefGroup = DAC714DB2F03FCB200B08888 /* Products */;
			projectDirPath = "";
			projectRoot = "";
			targets = (
				DAC714D92F03FCB200B08888 /* Wavify */,
				DAC714E62F03FCB400B08888 /* WavifyTests */,
				DAC714F02F03FCB400B08888 /* WavifyUITests */,
				DA7930962F1E05A100CE1CFB /* widgetExtension */,
			);
		};
/* End PBXProject section */

/* Begin PBXResourcesBuildPhase section */
		DA7930952F1E05A100CE1CFB /* Resources */ = {
			isa = PBXResourcesBuildPhase;
			buildActionMask = 2147483647;
			files = (
			);
			runOnlyForDeploymentPostprocessing = 0;
		};
		DAC714D82F03FCB200B08888 /* Resources */ = {
			isa = PBXResourcesBuildPhase;
			buildActionMask = 2147483647;
			files = (
			);
			runOnlyForDeploymentPostprocessing = 0;
		};
		DAC714E52F03FCB400B08888 /* Resources */ = {
			isa = PBXResourcesBuildPhase;
			buildActionMask = 2147483647;
			files = (
			);
			runOnlyForDeploymentPostprocessing = 0;
		};
		DAC714EF2F03FCB400B08888 /* Resources */ = {
			isa = PBXResourcesBuildPhase;
			buildActionMask = 2147483647;
			files = (
			);
			runOnlyForDeploymentPostprocessing = 0;
		};
/* End PBXResourcesBuildPhase section */

/* Begin PBXSourcesBuildPhase section */
		DA7930932F1E05A100CE1CFB /* Sources */ = {
			isa = PBXSourcesBuildPhase;
			buildActionMask = 2147483647;
			files = (
			);
			runOnlyForDeploymentPostprocessing = 0;
		};
		DAC714D62F03FCB200B08888 /* Sources */ = {
			isa = PBXSourcesBuildPhase;
			buildActionMask = 2147483647;
			files = (
			);
			runOnlyForDeploymentPostprocessing = 0;
		};
		DAC714E32F03FCB400B08888 /* Sources */ = {
			isa = PBXSourcesBuildPhase;
			buildActionMask = 2147483647;
			files = (
			);
			runOnlyForDeploymentPostprocessing = 0;
		};
		DAC714ED2F03FCB400B08888 /* Sources */ = {
			isa = PBXSourcesBuildPhase;
			buildActionMask = 2147483647;
			files = (
			);
			runOnlyForDeploymentPostprocessing = 0;
		};
/* End PBXSourcesBuildPhase section */

/* Begin PBXTargetDependency section */
		DA7930AB2F1E05A300CE1CFB /* PBXTargetDependency */ = {
			isa = PBXTargetDependency;
			target = DA7930962F1E05A100CE1CFB /* widgetExtension */;
			targetProxy = DA7930AA2F1E05A300CE1CFB /* PBXContainerItemProxy */;
		};
		DAC714E92F03FCB400B08888 /* PBXTargetDependency */ = {
			isa = PBXTargetDependency;
			target = DAC714D92F03FCB200B08888 /* Wavify */;
			targetProxy = DAC714E82F03FCB400B08888 /* PBXContainerItemProxy */;
		};
		DAC714F32F03FCB400B08888 /* PBXTargetDependency */ = {
			isa = PBXTargetDependency;
			target = DAC714D92F03FCB200B08888 /* Wavify */;
			targetProxy = DAC714F22F03FCB400B08888 /* PBXContainerItemProxy */;
		};
/* End PBXTargetDependency section */

/* Begin XCBuildConfiguration section */
		DA7930AE2F1E05A300CE1CFB /* Debug */ = {
			isa = XCBuildConfiguration;
			buildSettings = {
				ASSETCATALOG_COMPILER_GLOBAL_ACCENT_COLOR_NAME = AccentColor;
				ASSETCATALOG_COMPILER_WIDGET_BACKGROUND_COLOR_NAME = WidgetBackground;
				CODE_SIGN_ENTITLEMENTS = widget/widget.entitlements;
				CODE_SIGN_STYLE = Automatic;
				CURRENT_PROJECT_VERSION = 1;
				DEVELOPMENT_TEAM = 4HXQRL8SHT;
				GENERATE_INFOPLIST_FILE = YES;
				INFOPLIST_FILE = widget/Info.plist;
				INFOPLIST_KEY_CFBundleDisplayName = widget;
				INFOPLIST_KEY_NSHumanReadableCopyright = "";
				LD_RUNPATH_SEARCH_PATHS = (
					"$(inherited)",
					"@executable_path/Frameworks",
					"@executable_path/../../Frameworks",
				);
				MARKETING_VERSION = 1.0;
				PRODUCT_BUNDLE_IDENTIFIER = com.gaurav.WavifyApp.widget;
				PRODUCT_NAME = "$(TARGET_NAME)";
				SKIP_INSTALL = YES;
				STRING_CATALOG_GENERATE_SYMBOLS = YES;
				SWIFT_APPROACHABLE_CONCURRENCY = YES;
				SWIFT_EMIT_LOC_STRINGS = YES;
				SWIFT_UPCOMING_FEATURE_MEMBER_IMPORT_VISIBILITY = YES;
				SWIFT_VERSION = 5.0;
				TARGETED_DEVICE_FAMILY = "1,2";
			};
			name = Debug;
		};
		DA7930AF2F1E05A300CE1CFB /* Release */ = {
			isa = XCBuildConfiguration;
			buildSettings = {
				ASSETCATALOG_COMPILER_GLOBAL_ACCENT_COLOR_NAME = AccentColor;
				ASSETCATALOG_COMPILER_WIDGET_BACKGROUND_COLOR_NAME = WidgetBackground;
				CODE_SIGN_ENTITLEMENTS = widget/widget.entitlements;
				CODE_SIGN_STYLE = Automatic;
				CURRENT_PROJECT_VERSION = 1;
				DEVELOPMENT_TEAM = 4HXQRL8SHT;
				GENERATE_INFOPLIST_FILE = YES;
				INFOPLIST_FILE = widget/Info.plist;
				INFOPLIST_KEY_CFBundleDisplayName = widget;
				INFOPLIST_KEY_NSHumanReadableCopyright = "";
				LD_RUNPATH_SEARCH_PATHS = (
					"$(inherited)",
					"@executable_path/Frameworks",
					"@executable_path/../../Frameworks",
				);
				MARKETING_VERSION = 1.0;
				PRODUCT_BUNDLE_IDENTIFIER = com.gaurav.WavifyApp.widget;
				PRODUCT_NAME = "$(TARGET_NAME)";
				SKIP_INSTALL = YES;
				STRING_CATALOG_GENERATE_SYMBOLS = YES;
				SWIFT_APPROACHABLE_CONCURRENCY = YES;
				SWIFT_EMIT_LOC_STRINGS = YES;
				SWIFT_UPCOMING_FEATURE_MEMBER_IMPORT_VISIBILITY = YES;
				SWIFT_VERSION = 5.0;
				TARGETED_DEVICE_FAMILY = "1,2";
			};
			name = Release;
		};
		DAC714F92F03FCB400B08888 /* Debug */ = {
			isa = XCBuildConfiguration;
			buildSettings = {
				ALWAYS_SEARCH_USER_PATHS = NO;
				ASSETCATALOG_COMPILER_GENERATE_SWIFT_ASSET_SYMBOL_EXTENSIONS = YES;
				CLANG_ANALYZER_NONNULL = YES;
				CLANG_ANALYZER_NUMBER_OBJECT_CONVERSION = YES_AGGRESSIVE;
				CLANG_CXX_LANGUAGE_STANDARD = "gnu++20";
				CLANG_ENABLE_MODULES = YES;
				CLANG_ENABLE_OBJC_ARC = YES;
				CLANG_ENABLE_OBJC_WEAK = YES;
				CLANG_WARN_BLOCK_CAPTURE_AUTORELEASING = YES;
				CLANG_WARN_BOOL_CONVERSION = YES;
				CLANG_WARN_COMMA = YES;
				CLANG_WARN_CONSTANT_CONVERSION = YES;
				CLANG_WARN_DEPRECATED_OBJC_IMPLEMENTATIONS = YES;
				CLANG_WARN_DIRECT_OBJC_ISA_USAGE = YES_ERROR;
				CLANG_WARN_DOCUMENTATION_COMMENTS = YES;
				CLANG_WARN_EMPTY_BODY = YES;
				CLANG_WARN_ENUM_CONVERSION = YES;
				CLANG_WARN_INFINITE_RECURSION = YES;
				CLANG_WARN_INT_CONVERSION = YES;
				CLANG_WARN_NON_LITERAL_NULL_CONVERSION = YES;
				CLANG_WARN_OBJC_IMPLICIT_RETAIN_SELF = YES;
				CLANG_WARN_OBJC_LITERAL_CONVERSION = YES;
				CLANG_WARN_OBJC_ROOT_CLASS = YES_ERROR;
				CLANG_WARN_QUOTED_INCLUDE_IN_FRAMEWORK_HEADER = YES;
				CLANG_WARN_RANGE_LOOP_ANALYSIS = YES;
				CLANG_WARN_STRICT_PROTOTYPES = YES;
				CLANG_WARN_SUSPICIOUS_MOVE = YES;
				CLANG_WARN_UNGUARDED_AVAILABILITY = YES_AGGRESSIVE;
				CLANG_WARN_UNREACHABLE_CODE = YES;
				CLANG_WARN__DUPLICATE_METHOD_MATCH = YES;
				COPY_PHASE_STRIP = NO;
				DEBUG_INFORMATION_FORMAT = dwarf;
				ENABLE_STRICT_OBJC_MSGSEND = YES;
				ENABLE_TESTABILITY = YES;
				ENABLE_USER_SCRIPT_SANDBOXING = YES;
				GCC_C_LANGUAGE_STANDARD = gnu17;
				GCC_DYNAMIC_NO_PIC = NO;
				GCC_NO_COMMON_BLOCKS = YES;
				GCC_OPTIMIZATION_LEVEL = 0;
				GCC_PREPROCESSOR_DEFINITIONS = (
					"DEBUG=1",
					"$(inherited)",
				);
				GCC_WARN_64_TO_32_BIT_CONVERSION = YES;
				GCC_WARN_ABOUT_RETURN_TYPE = YES_ERROR;
				GCC_WARN_UNDECLARED_SELECTOR = YES;
				GCC_WARN_UNINITIALIZED_AUTOS = YES_AGGRESSIVE;
				GCC_WARN_UNUSED_FUNCTION = YES;
				GCC_WARN_UNUSED_VARIABLE = YES;
				IPHONEOS_DEPLOYMENT_TARGET = 26.1;
				LOCALIZATION_PREFERS_STRING_CATALOGS = YES;
				MTL_ENABLE_DEBUG_INFO = INCLUDE_SOURCE;
				MTL_FAST_MATH = YES;
				ONLY_ACTIVE_ARCH = YES;
				SDKROOT = iphoneos;
				SWIFT_ACTIVE_COMPILATION_CONDITIONS = "DEBUG $(inherited)";
				SWIFT_OPTIMIZATION_LEVEL = "-Onone";
			};
			name = Debug;
		};
		DAC714FA2F03FCB400B08888 /* Release */ = {
			isa = XCBuildConfiguration;
			buildSettings = {
				ALWAYS_SEARCH_USER_PATHS = NO;
				ASSETCATALOG_COMPILER_GENERATE_SWIFT_ASSET_SYMBOL_EXTENSIONS = YES;
				CLANG_ANALYZER_NONNULL = YES;
				CLANG_ANALYZER_NUMBER_OBJECT_CONVERSION = YES_AGGRESSIVE;
				CLANG_CXX_LANGUAGE_STANDARD = "gnu++20";
				CLANG_ENABLE_MODULES = YES;
				CLANG_ENABLE_OBJC_ARC = YES;
				CLANG_ENABLE_OBJC_WEAK = YES;
				CLANG_WARN_BLOCK_CAPTURE_AUTORELEASING = YES;
				CLANG_WARN_BOOL_CONVERSION = YES;
				CLANG_WARN_COMMA = YES;
				CLANG_WARN_CONSTANT_CONVERSION = YES;
				CLANG_WARN_DEPRECATED_OBJC_IMPLEMENTATIONS = YES;
				CLANG_WARN_DIRECT_OBJC_ISA_USAGE = YES_ERROR;
				CLANG_WARN_DOCUMENTATION_COMMENTS = YES;
				CLANG_WARN_EMPTY_BODY = YES;
				CLANG_WARN_ENUM_CONVERSION = YES;
				CLANG_WARN_INFINITE_RECURSION = YES;
				CLANG_WARN_INT_CONVERSION = YES;
				CLANG_WARN_NON_LITERAL_NULL_CONVERSION = YES;
				CLANG_WARN_OBJC_IMPLICIT_RETAIN_SELF = YES;
				CLANG_WARN_OBJC_LITERAL_CONVERSION = YES;
				CLANG_WARN_OBJC_ROOT_CLASS = YES_ERROR;
				CLANG_WARN_QUOTED_INCLUDE_IN_FRAMEWORK_HEADER = YES;
				CLANG_WARN_RANGE_LOOP_ANALYSIS = YES;
				CLANG_WARN_STRICT_PROTOTYPES = YES;
				CLANG_WARN_SUSPICIOUS_MOVE = YES;
				CLANG_WARN_UNGUARDED_AVAILABILITY = YES_AGGRESSIVE;
				CLANG_WARN_UNREACHABLE_CODE = YES;
				CLANG_WARN__DUPLICATE_METHOD_MATCH = YES;
				COPY_PHASE_STRIP = NO;
				DEBUG_INFORMATION_FORMAT = "dwarf-with-dsym";
				ENABLE_NS_ASSERTIONS = NO;
				ENABLE_STRICT_OBJC_MSGSEND = YES;
				ENABLE_USER_SCRIPT_SANDBOXING = YES;
				GCC_C_LANGUAGE_STANDARD = gnu17;
				GCC_NO_COMMON_BLOCKS = YES;
				GCC_WARN_64_TO_32_BIT_CONVERSION = YES;
				GCC_WARN_ABOUT_RETURN_TYPE = YES_ERROR;
				GCC_WARN_UNDECLARED_SELECTOR = YES;
				GCC_WARN_UNINITIALIZED_AUTOS = YES_AGGRESSIVE;
				GCC_WARN_UNUSED_FUNCTION = YES;
				GCC_WARN_UNUSED_VARIABLE = YES;
				IPHONEOS_DEPLOYMENT_TARGET = 26.1;
				LOCALIZATION_PREFERS_STRING_CATALOGS = YES;
				MTL_ENABLE_DEBUG_INFO = NO;
				MTL_FAST_MATH = YES;
				SDKROOT = iphoneos;
				SWIFT_COMPILATION_MODE = wholemodule;
				VALIDATE_PRODUCT = YES;
			};
			name = Release;
		};
		DAC714FC2F03FCB400B08888 /* Debug */ = {
			isa = XCBuildConfiguration;
			buildSettings = {
				ASSETCATALOG_COMPILER_APPICON_NAME = AppIcon;
				ASSETCATALOG_COMPILER_GLOBAL_ACCENT_COLOR_NAME = AccentColor;
				CODE_SIGN_ENTITLEMENTS = Wavify/WavifyDebug.entitlements;
				CODE_SIGN_STYLE = Automatic;
				CURRENT_PROJECT_VERSION = 1;
				DEVELOPMENT_TEAM = 4HXQRL8SHT;
				ENABLE_PREVIEWS = YES;
				GENERATE_INFOPLIST_FILE = YES;
				INFOPLIST_FILE = Wavify/Info.plist;
				INFOPLIST_KEY_UIApplicationSceneManifest_Generation = YES;
				INFOPLIST_KEY_UIApplicationSupportsIndirectInputEvents = YES;
				INFOPLIST_KEY_UIBackgroundModes = "(audio)";
				INFOPLIST_KEY_UILaunchScreen_Generation = YES;
				INFOPLIST_KEY_UISupportedInterfaceOrientations = UIInterfaceOrientationPortrait;
				INFOPLIST_KEY_UISupportedInterfaceOrientations_iPad = "UIInterfaceOrientationLandscapeLeft UIInterfaceOrientationLandscapeRight UIInterfaceOrientationPortrait UIInterfaceOrientationPortraitUpsideDown";
				IPHONEOS_DEPLOYMENT_TARGET = 26.0;
				LD_RUNPATH_SEARCH_PATHS = (
					"$(inherited)",
					"@executable_path/Frameworks",
				);
				MARKETING_VERSION = 1.0;
				PRODUCT_BUNDLE_IDENTIFIER = com.gaurav.WavifyApp;
				PRODUCT_NAME = "$(TARGET_NAME)";
				STRING_CATALOG_GENERATE_SYMBOLS = YES;
				SWIFT_APPROACHABLE_CONCURRENCY = YES;
				SWIFT_DEFAULT_ACTOR_ISOLATION = MainActor;
				SWIFT_EMIT_LOC_STRINGS = YES;
				SWIFT_UPCOMING_FEATURE_MEMBER_IMPORT_VISIBILITY = YES;
				SWIFT_VERSION = 5.0;
				TARGETED_DEVICE_FAMILY = "1,2";
			};
			name = Debug;
		};
		DAC714FD2F03FCB400B08888 /* Release */ = {
			isa = XCBuildConfiguration;
			buildSettings = {
				ASSETCATALOG_COMPILER_APPICON_NAME = AppIcon;
				ASSETCATALOG_COMPILER_GLOBAL_ACCENT_COLOR_NAME = AccentColor;
				CODE_SIGN_ENTITLEMENTS = Wavify/Wavify.entitlements;
				CODE_SIGN_STYLE = Automatic;
				CURRENT_PROJECT_VERSION = 1;
				DEVELOPMENT_TEAM = 4HXQRL8SHT;
				ENABLE_PREVIEWS = YES;
				GENERATE_INFOPLIST_FILE = YES;
				INFOPLIST_FILE = Wavify/Info.plist;
				INFOPLIST_KEY_UIApplicationSceneManifest_Generation = YES;
				INFOPLIST_KEY_UIApplicationSupportsIndirectInputEvents = YES;
				INFOPLIST_KEY_UIBackgroundModes = "(audio)";
				INFOPLIST_KEY_UILaunchScreen_Generation = YES;
				INFOPLIST_KEY_UISupportedInterfaceOrientations = UIInterfaceOrientationPortrait;
				INFOPLIST_KEY_UISupportedInterfaceOrientations_iPad = "UIInterfaceOrientationLandscapeLeft UIInterfaceOrientationLandscapeRight UIInterfaceOrientationPortrait UIInterfaceOrientationPortraitUpsideDown";
				IPHONEOS_DEPLOYMENT_TARGET = 26.0;
				LD_RUNPATH_SEARCH_PATHS = (
					"$(inherited)",
					"@executable_path/Frameworks",
				);
				MARKETING_VERSION = 1.0;
				PRODUCT_BUNDLE_IDENTIFIER = com.gaurav.WavifyApp;
				PRODUCT_NAME = "$(TARGET_NAME)";
				STRING_CATALOG_GENERATE_SYMBOLS = YES;
				SWIFT_APPROACHABLE_CONCURRENCY = YES;
				SWIFT_DEFAULT_ACTOR_ISOLATION = MainActor;
				SWIFT_EMIT_LOC_STRINGS = YES;
				SWIFT_UPCOMING_FEATURE_MEMBER_IMPORT_VISIBILITY = YES;
				SWIFT_VERSION = 5.0;
				TARGETED_DEVICE_FAMILY = "1,2";
			};
			name = Release;
		};
		DAC714FF2F03FCB400B08888 /* Debug */ = {
			isa = XCBuildConfiguration;
			buildSettings = {
				BUNDLE_LOADER = "$(TEST_HOST)";
				CODE_SIGN_STYLE = Automatic;
				CURRENT_PROJECT_VERSION = 1;
				GENERATE_INFOPLIST_FILE = YES;
				IPHONEOS_DEPLOYMENT_TARGET = 26.1;
				MARKETING_VERSION = 1.0;
				PRODUCT_BUNDLE_IDENTIFIER = com.gaurav.WavifyAppTests;
				PRODUCT_NAME = "$(TARGET_NAME)";
				STRING_CATALOG_GENERATE_SYMBOLS = NO;
				SWIFT_APPROACHABLE_CONCURRENCY = YES;
				SWIFT_EMIT_LOC_STRINGS = NO;
				SWIFT_UPCOMING_FEATURE_MEMBER_IMPORT_VISIBILITY = YES;
				SWIFT_VERSION = 5.0;
				TARGETED_DEVICE_FAMILY = "1,2";
				TEST_HOST = "$(BUILT_PRODUCTS_DIR)/Wavify.app/$(BUNDLE_EXECUTABLE_FOLDER_PATH)/Wavify";
			};
			name = Debug;
		};
		DAC715002F03FCB400B08888 /* Release */ = {
			isa = XCBuildConfiguration;
			buildSettings = {
				BUNDLE_LOADER = "$(TEST_HOST)";
				CODE_SIGN_STYLE = Automatic;
				CURRENT_PROJECT_VERSION = 1;
				GENERATE_INFOPLIST_FILE = YES;
				IPHONEOS_DEPLOYMENT_TARGET = 26.1;
				MARKETING_VERSION = 1.0;
				PRODUCT_BUNDLE_IDENTIFIER = com.gaurav.WavifyAppTests;
				PRODUCT_NAME = "$(TARGET_NAME)";
				STRING_CATALOG_GENERATE_SYMBOLS = NO;
				SWIFT_APPROACHABLE_CONCURRENCY = YES;
				SWIFT_EMIT_LOC_STRINGS = NO;
				SWIFT_UPCOMING_FEATURE_MEMBER_IMPORT_VISIBILITY = YES;
				SWIFT_VERSION = 5.0;
				TARGETED_DEVICE_FAMILY = "1,2";
				TEST_HOST = "$(BUILT_PRODUCTS_DIR)/Wavify.app/$(BUNDLE_EXECUTABLE_FOLDER_PATH)/Wavify";
			};
			name = Release;
		};
		DAC715022F03FCB400B08888 /* Debug */ = {
			isa = XCBuildConfiguration;
			buildSettings = {
				CODE_SIGN_STYLE = Automatic;
				CURRENT_PROJECT_VERSION = 1;
				GENERATE_INFOPLIST_FILE = YES;
				MARKETING_VERSION = 1.0;
				PRODUCT_BUNDLE_IDENTIFIER = com.gaurav.WavifyAppUITests;
				PRODUCT_NAME = "$(TARGET_NAME)";
				STRING_CATALOG_GENERATE_SYMBOLS = NO;
				SWIFT_APPROACHABLE_CONCURRENCY = YES;
				SWIFT_EMIT_LOC_STRINGS = NO;
				SWIFT_UPCOMING_FEATURE_MEMBER_IMPORT_VISIBILITY = YES;
				SWIFT_VERSION = 5.0;
				TARGETED_DEVICE_FAMILY = "1,2";
				TEST_TARGET_NAME = Wavify;
			};
			name = Debug;
		};
		DAC715032F03FCB400B08888 /* Release */ = {
			isa = XCBuildConfiguration;
			buildSettings = {
				CODE_SIGN_STYLE = Automatic;
				CURRENT_PROJECT_VERSION = 1;
				GENERATE_INFOPLIST_FILE = YES;
				MARKETING_VERSION = 1.0;
				PRODUCT_BUNDLE_IDENTIFIER = com.gaurav.WavifyAppUITests;
				PRODUCT_NAME = "$(TARGET_NAME)";
				STRING_CATALOG_GENERATE_SYMBOLS = NO;
				SWIFT_APPROACHABLE_CONCURRENCY = YES;
				SWIFT_EMIT_LOC_STRINGS = NO;
				SWIFT_UPCOMING_FEATURE_MEMBER_IMPORT_VISIBILITY = YES;
				SWIFT_VERSION = 5.0;
				TARGETED_DEVICE_FAMILY = "1,2";
				TEST_TARGET_NAME = Wavify;
			};
			name = Release;
		};
/* End XCBuildConfiguration section */

/* Begin XCConfigurationList section */
		DA7930AD2F1E05A300CE1CFB /* Build configuration list for PBXNativeTarget "widgetExtension" */ = {
			isa = XCConfigurationList;
			buildConfigurations = (
				DA7930AE2F1E05A300CE1CFB /* Debug */,
				DA7930AF2F1E05A300CE1CFB /* Release */,
			);
			defaultConfigurationIsVisible = 0;
			defaultConfigurationName = Release;
		};
		DAC714D52F03FCB200B08888 /* Build configuration list for PBXProject "Wavify" */ = {
			isa = XCConfigurationList;
			buildConfigurations = (
				DAC714F92F03FCB400B08888 /* Debug */,
				DAC714FA2F03FCB400B08888 /* Release */,
			);
			defaultConfigurationIsVisible = 0;
			defaultConfigurationName = Release;
		};
		DAC714FB2F03FCB400B08888 /* Build configuration list for PBXNativeTarget "Wavify" */ = {
			isa = XCConfigurationList;
			buildConfigurations = (
				DAC714FC2F03FCB400B08888 /* Debug */,
				DAC714FD2F03FCB400B08888 /* Release */,
			);
			defaultConfigurationIsVisible = 0;
			defaultConfigurationName = Release;
		};
		DAC714FE2F03FCB400B08888 /* Build configuration list for PBXNativeTarget "WavifyTests" */ = {
			isa = XCConfigurationList;
			buildConfigurations = (
				DAC714FF2F03FCB400B08888 /* Debug */,
				DAC715002F03FCB400B08888 /* Release */,
			);
			defaultConfigurationIsVisible = 0;
			defaultConfigurationName = Release;
		};
		DAC715012F03FCB400B08888 /* Build configuration list for PBXNativeTarget "WavifyUITests" */ = {
			isa = XCConfigurationList;
			buildConfigurations = (
				DAC715022F03FCB400B08888 /* Debug */,
				DAC715032F03FCB400B08888 /* Release */,
			);
			defaultConfigurationIsVisible = 0;
			defaultConfigurationName = Release;
		};
/* End XCConfigurationList section */
	};
	rootObject = DAC714D22F03FCB200B08888 /* Project object */;
}
